// !$*UTF8*$!
{
	archiveVersion = 1;
	classes = {
	};
	objectVersion = 46;
	objects = {

/* Begin PBXBuildFile section */
		3EB7757F175E7C0A00D0DD6F /* UIKit.framework in Frameworks */ = {isa = PBXBuildFile; fileRef = 3EB7757E175E7C0A00D0DD6F /* UIKit.framework */; };
		3EB77581175E7C0A00D0DD6F /* Foundation.framework in Frameworks */ = {isa = PBXBuildFile; fileRef = 3EB77580175E7C0A00D0DD6F /* Foundation.framework */; };
		3EB77583175E7C0A00D0DD6F /* CoreGraphics.framework in Frameworks */ = {isa = PBXBuildFile; fileRef = 3EB77582175E7C0A00D0DD6F /* CoreGraphics.framework */; };
		3EB77585175E7C0A00D0DD6F /* CoreData.framework in Frameworks */ = {isa = PBXBuildFile; fileRef = 3EB77584175E7C0A00D0DD6F /* CoreData.framework */; };
		3EB7758B175E7C0A00D0DD6F /* InfoPlist.strings in Resources */ = {isa = PBXBuildFile; fileRef = 3EB77589175E7C0A00D0DD6F /* InfoPlist.strings */; };
		3EB7758D175E7C0A00D0DD6F /* main.m in Sources */ = {isa = PBXBuildFile; fileRef = 3EB7758C175E7C0A00D0DD6F /* main.m */; };
		3EB77591175E7C0A00D0DD6F /* RLCAppDelegate.m in Sources */ = {isa = PBXBuildFile; fileRef = 3EB77590175E7C0A00D0DD6F /* RLCAppDelegate.m */; };
		3EB77593175E7C0B00D0DD6F /* Default.png in Resources */ = {isa = PBXBuildFile; fileRef = 3EB77592175E7C0B00D0DD6F /* Default.png */; };
		3EB77595175E7C0B00D0DD6F /* Default@2x.png in Resources */ = {isa = PBXBuildFile; fileRef = 3EB77594175E7C0B00D0DD6F /* Default@2x.png */; };
		3EB77597175E7C0B00D0DD6F /* Default-568h@2x.png in Resources */ = {isa = PBXBuildFile; fileRef = 3EB77596175E7C0B00D0DD6F /* Default-568h@2x.png */; };
		3EB7759A175E7C0B00D0DD6F /* MainStoryboard.storyboard in Resources */ = {isa = PBXBuildFile; fileRef = 3EB77598175E7C0B00D0DD6F /* MainStoryboard.storyboard */; };
		3EB7759D175E7C0B00D0DD6F /* iOSapp.xcdatamodeld in Sources */ = {isa = PBXBuildFile; fileRef = 3EB7759B175E7C0B00D0DD6F /* iOSapp.xcdatamodeld */; };
		3EB775A0175E7C0B00D0DD6F /* RLCMasterViewController.m in Sources */ = {isa = PBXBuildFile; fileRef = 3EB7759F175E7C0B00D0DD6F /* RLCMasterViewController.m */; };
		3EB775AB175E7C0B00D0DD6F /* SenTestingKit.framework in Frameworks */ = {isa = PBXBuildFile; fileRef = 3EB775AA175E7C0B00D0DD6F /* SenTestingKit.framework */; };
		3EB775AC175E7C0B00D0DD6F /* UIKit.framework in Frameworks */ = {isa = PBXBuildFile; fileRef = 3EB7757E175E7C0A00D0DD6F /* UIKit.framework */; };
		3EB775AD175E7C0B00D0DD6F /* Foundation.framework in Frameworks */ = {isa = PBXBuildFile; fileRef = 3EB77580175E7C0A00D0DD6F /* Foundation.framework */; };
		3EB775AE175E7C0B00D0DD6F /* CoreData.framework in Frameworks */ = {isa = PBXBuildFile; fileRef = 3EB77584175E7C0A00D0DD6F /* CoreData.framework */; };
		3EB775B6175E7C0B00D0DD6F /* InfoPlist.strings in Resources */ = {isa = PBXBuildFile; fileRef = 3EB775B4175E7C0B00D0DD6F /* InfoPlist.strings */; };
		3EB775B9175E7C0B00D0DD6F /* iOSappTests.m in Sources */ = {isa = PBXBuildFile; fileRef = 3EB775B8175E7C0B00D0DD6F /* iOSappTests.m */; };
		3EB775C4175E7DCF00D0DD6F /* Person.m in Sources */ = {isa = PBXBuildFile; fileRef = 3EB775C3175E7DCF00D0DD6F /* Person.m */; };
		3EB775C6175E7E6200D0DD6F /* iOSapp.sqlite in Resources */ = {isa = PBXBuildFile; fileRef = 3EB775C5175E7E6200D0DD6F /* iOSapp.sqlite */; };
		781659F09D10407DB784E018 /* libPods-iOSappTests.a in Frameworks */ = {isa = PBXBuildFile; fileRef = 6C995E04B03E4BD2A316EC40 /* libPods-iOSappTests.a */; };
/* End PBXBuildFile section */

/* Begin PBXContainerItemProxy section */
		3EB775AF175E7C0B00D0DD6F /* PBXContainerItemProxy */ = {
			isa = PBXContainerItemProxy;
			containerPortal = 3EB77573175E7C0A00D0DD6F /* Project object */;
			proxyType = 1;
			remoteGlobalIDString = 3EB7757A175E7C0A00D0DD6F;
			remoteInfo = iOSapp;
		};
/* End PBXContainerItemProxy section */

/* Begin PBXFileReference section */
		28C9ADB8FC004E6EBF8D4D7D /* Pods-iOSappTests.xcconfig */ = {isa = PBXFileReference; includeInIndex = 1; lastKnownFileType = text.xcconfig; name = "Pods-iOSappTests.xcconfig"; path = "Pods/Pods-iOSappTests.xcconfig"; sourceTree = SOURCE_ROOT; };
		3EB7757B175E7C0A00D0DD6F /* iOSapp.app */ = {isa = PBXFileReference; explicitFileType = wrapper.application; includeInIndex = 0; path = iOSapp.app; sourceTree = BUILT_PRODUCTS_DIR; };
		3EB7757E175E7C0A00D0DD6F /* UIKit.framework */ = {isa = PBXFileReference; lastKnownFileType = wrapper.framework; name = UIKit.framework; path = System/Library/Frameworks/UIKit.framework; sourceTree = SDKROOT; };
		3EB77580175E7C0A00D0DD6F /* Foundation.framework */ = {isa = PBXFileReference; lastKnownFileType = wrapper.framework; name = Foundation.framework; path = System/Library/Frameworks/Foundation.framework; sourceTree = SDKROOT; };
		3EB77582175E7C0A00D0DD6F /* CoreGraphics.framework */ = {isa = PBXFileReference; lastKnownFileType = wrapper.framework; name = CoreGraphics.framework; path = System/Library/Frameworks/CoreGraphics.framework; sourceTree = SDKROOT; };
		3EB77584175E7C0A00D0DD6F /* CoreData.framework */ = {isa = PBXFileReference; lastKnownFileType = wrapper.framework; name = CoreData.framework; path = System/Library/Frameworks/CoreData.framework; sourceTree = SDKROOT; };
		3EB77588175E7C0A00D0DD6F /* iOSapp-Info.plist */ = {isa = PBXFileReference; lastKnownFileType = text.plist.xml; path = "iOSapp-Info.plist"; sourceTree = "<group>"; };
		3EB7758A175E7C0A00D0DD6F /* en */ = {isa = PBXFileReference; lastKnownFileType = text.plist.strings; name = en; path = en.lproj/InfoPlist.strings; sourceTree = "<group>"; };
		3EB7758C175E7C0A00D0DD6F /* main.m */ = {isa = PBXFileReference; lastKnownFileType = sourcecode.c.objc; path = main.m; sourceTree = "<group>"; };
		3EB7758E175E7C0A00D0DD6F /* iOSapp-Prefix.pch */ = {isa = PBXFileReference; lastKnownFileType = sourcecode.c.h; path = "iOSapp-Prefix.pch"; sourceTree = "<group>"; };
		3EB7758F175E7C0A00D0DD6F /* RLCAppDelegate.h */ = {isa = PBXFileReference; lastKnownFileType = sourcecode.c.h; path = RLCAppDelegate.h; sourceTree = "<group>"; };
		3EB77590175E7C0A00D0DD6F /* RLCAppDelegate.m */ = {isa = PBXFileReference; lastKnownFileType = sourcecode.c.objc; path = RLCAppDelegate.m; sourceTree = "<group>"; };
		3EB77592175E7C0B00D0DD6F /* Default.png */ = {isa = PBXFileReference; lastKnownFileType = image.png; path = Default.png; sourceTree = "<group>"; };
		3EB77594175E7C0B00D0DD6F /* Default@2x.png */ = {isa = PBXFileReference; lastKnownFileType = image.png; path = "Default@2x.png"; sourceTree = "<group>"; };
		3EB77596175E7C0B00D0DD6F /* Default-568h@2x.png */ = {isa = PBXFileReference; lastKnownFileType = image.png; path = "Default-568h@2x.png"; sourceTree = "<group>"; };
		3EB77599175E7C0B00D0DD6F /* en */ = {isa = PBXFileReference; lastKnownFileType = file.storyboard; name = en; path = en.lproj/MainStoryboard.storyboard; sourceTree = "<group>"; };
		3EB7759C175E7C0B00D0DD6F /* iOSapp.xcdatamodel */ = {isa = PBXFileReference; lastKnownFileType = wrapper.xcdatamodel; path = iOSapp.xcdatamodel; sourceTree = "<group>"; };
		3EB7759E175E7C0B00D0DD6F /* RLCMasterViewController.h */ = {isa = PBXFileReference; lastKnownFileType = sourcecode.c.h; path = RLCMasterViewController.h; sourceTree = "<group>"; };
		3EB7759F175E7C0B00D0DD6F /* RLCMasterViewController.m */ = {isa = PBXFileReference; lastKnownFileType = sourcecode.c.objc; path = RLCMasterViewController.m; sourceTree = "<group>"; };
		3EB775A9175E7C0B00D0DD6F /* iOSappTests.octest */ = {isa = PBXFileReference; explicitFileType = wrapper.cfbundle; includeInIndex = 0; path = iOSappTests.octest; sourceTree = BUILT_PRODUCTS_DIR; };
		3EB775AA175E7C0B00D0DD6F /* SenTestingKit.framework */ = {isa = PBXFileReference; lastKnownFileType = wrapper.framework; name = SenTestingKit.framework; path = Library/Frameworks/SenTestingKit.framework; sourceTree = DEVELOPER_DIR; };
		3EB775B3175E7C0B00D0DD6F /* iOSappTests-Info.plist */ = {isa = PBXFileReference; lastKnownFileType = text.plist.xml; path = "iOSappTests-Info.plist"; sourceTree = "<group>"; };
		3EB775B5175E7C0B00D0DD6F /* en */ = {isa = PBXFileReference; lastKnownFileType = text.plist.strings; name = en; path = en.lproj/InfoPlist.strings; sourceTree = "<group>"; };
		3EB775B8175E7C0B00D0DD6F /* iOSappTests.m */ = {isa = PBXFileReference; lastKnownFileType = sourcecode.c.objc; path = iOSappTests.m; sourceTree = "<group>"; };
		3EB775C2175E7DCF00D0DD6F /* Person.h */ = {isa = PBXFileReference; fileEncoding = 4; lastKnownFileType = sourcecode.c.h; path = Person.h; sourceTree = "<group>"; };
		3EB775C3175E7DCF00D0DD6F /* Person.m */ = {isa = PBXFileReference; fileEncoding = 4; lastKnownFileType = sourcecode.c.objc; path = Person.m; sourceTree = "<group>"; };
		3EB775C5175E7E6200D0DD6F /* iOSapp.sqlite */ = {isa = PBXFileReference; lastKnownFileType = file; path = iOSapp.sqlite; sourceTree = "<group>"; };
		6C995E04B03E4BD2A316EC40 /* libPods-iOSappTests.a */ = {isa = PBXFileReference; explicitFileType = archive.ar; includeInIndex = 0; path = "libPods-iOSappTests.a"; sourceTree = BUILT_PRODUCTS_DIR; };
/* End PBXFileReference section */

/* Begin PBXFrameworksBuildPhase section */
		3EB77578175E7C0A00D0DD6F /* Frameworks */ = {
			isa = PBXFrameworksBuildPhase;
			buildActionMask = 2147483647;
			files = (
				3EB7757F175E7C0A00D0DD6F /* UIKit.framework in Frameworks */,
				3EB77581175E7C0A00D0DD6F /* Foundation.framework in Frameworks */,
				3EB77583175E7C0A00D0DD6F /* CoreGraphics.framework in Frameworks */,
				3EB77585175E7C0A00D0DD6F /* CoreData.framework in Frameworks */,
			);
			runOnlyForDeploymentPostprocessing = 0;
		};
		3EB775A5175E7C0B00D0DD6F /* Frameworks */ = {
			isa = PBXFrameworksBuildPhase;
			buildActionMask = 2147483647;
			files = (
				3EB775AB175E7C0B00D0DD6F /* SenTestingKit.framework in Frameworks */,
				3EB775AC175E7C0B00D0DD6F /* UIKit.framework in Frameworks */,
				3EB775AD175E7C0B00D0DD6F /* Foundation.framework in Frameworks */,
				3EB775AE175E7C0B00D0DD6F /* CoreData.framework in Frameworks */,
				781659F09D10407DB784E018 /* libPods-iOSappTests.a in Frameworks */,
			);
			runOnlyForDeploymentPostprocessing = 0;
		};
/* End PBXFrameworksBuildPhase section */

/* Begin PBXGroup section */
		3EB77572175E7C0A00D0DD6F = {
			isa = PBXGroup;
			children = (
				3EB77586175E7C0A00D0DD6F /* iOSapp */,
				3EB775B1175E7C0B00D0DD6F /* iOSappTests */,
				3EB7757D175E7C0A00D0DD6F /* Frameworks */,
				3EB7757C175E7C0A00D0DD6F /* Products */,
				28C9ADB8FC004E6EBF8D4D7D /* Pods-iOSappTests.xcconfig */,
			);
			sourceTree = "<group>";
		};
		3EB7757C175E7C0A00D0DD6F /* Products */ = {
			isa = PBXGroup;
			children = (
				3EB7757B175E7C0A00D0DD6F /* iOSapp.app */,
				3EB775A9175E7C0B00D0DD6F /* iOSappTests.octest */,
			);
			name = Products;
			sourceTree = "<group>";
		};
		3EB7757D175E7C0A00D0DD6F /* Frameworks */ = {
			isa = PBXGroup;
			children = (
				3EB7757E175E7C0A00D0DD6F /* UIKit.framework */,
				3EB77580175E7C0A00D0DD6F /* Foundation.framework */,
				3EB77582175E7C0A00D0DD6F /* CoreGraphics.framework */,
				3EB77584175E7C0A00D0DD6F /* CoreData.framework */,
				3EB775AA175E7C0B00D0DD6F /* SenTestingKit.framework */,
				6C995E04B03E4BD2A316EC40 /* libPods-iOSappTests.a */,
			);
			name = Frameworks;
			sourceTree = "<group>";
		};
		3EB77586175E7C0A00D0DD6F /* iOSapp */ = {
			isa = PBXGroup;
			children = (
				3EB775C5175E7E6200D0DD6F /* iOSapp.sqlite */,
				3EB7758F175E7C0A00D0DD6F /* RLCAppDelegate.h */,
				3EB77590175E7C0A00D0DD6F /* RLCAppDelegate.m */,
				3EB77598175E7C0B00D0DD6F /* MainStoryboard.storyboard */,
				3EB7759E175E7C0B00D0DD6F /* RLCMasterViewController.h */,
				3EB7759F175E7C0B00D0DD6F /* RLCMasterViewController.m */,
				3EB7759B175E7C0B00D0DD6F /* iOSapp.xcdatamodeld */,
				3EB775C2175E7DCF00D0DD6F /* Person.h */,
				3EB775C3175E7DCF00D0DD6F /* Person.m */,
				3EB77587175E7C0A00D0DD6F /* Supporting Files */,
			);
			path = iOSapp;
			sourceTree = "<group>";
		};
		3EB77587175E7C0A00D0DD6F /* Supporting Files */ = {
			isa = PBXGroup;
			children = (
				3EB77588175E7C0A00D0DD6F /* iOSapp-Info.plist */,
				3EB77589175E7C0A00D0DD6F /* InfoPlist.strings */,
				3EB7758C175E7C0A00D0DD6F /* main.m */,
				3EB7758E175E7C0A00D0DD6F /* iOSapp-Prefix.pch */,
				3EB77592175E7C0B00D0DD6F /* Default.png */,
				3EB77594175E7C0B00D0DD6F /* Default@2x.png */,
				3EB77596175E7C0B00D0DD6F /* Default-568h@2x.png */,
			);
			name = "Supporting Files";
			sourceTree = "<group>";
		};
		3EB775B1175E7C0B00D0DD6F /* iOSappTests */ = {
			isa = PBXGroup;
			children = (
				3EB775B8175E7C0B00D0DD6F /* iOSappTests.m */,
				3EB775B2175E7C0B00D0DD6F /* Supporting Files */,
			);
			path = iOSappTests;
			sourceTree = "<group>";
		};
		3EB775B2175E7C0B00D0DD6F /* Supporting Files */ = {
			isa = PBXGroup;
			children = (
				3EB775B3175E7C0B00D0DD6F /* iOSappTests-Info.plist */,
				3EB775B4175E7C0B00D0DD6F /* InfoPlist.strings */,
			);
			name = "Supporting Files";
			sourceTree = "<group>";
		};
/* End PBXGroup section */

/* Begin PBXNativeTarget section */
		3EB7757A175E7C0A00D0DD6F /* iOSapp */ = {
			isa = PBXNativeTarget;
			buildConfigurationList = 3EB775BC175E7C0B00D0DD6F /* Build configuration list for PBXNativeTarget "iOSapp" */;
			buildPhases = (
				3EB77577175E7C0A00D0DD6F /* Sources */,
				3EB77578175E7C0A00D0DD6F /* Frameworks */,
				3EB77579175E7C0A00D0DD6F /* Resources */,
			);
			buildRules = (
			);
			dependencies = (
			);
			name = iOSapp;
			productName = iOSapp;
			productReference = 3EB7757B175E7C0A00D0DD6F /* iOSapp.app */;
			productType = "com.apple.product-type.application";
		};
		3EB775A8175E7C0B00D0DD6F /* iOSappTests */ = {
			isa = PBXNativeTarget;
			buildConfigurationList = 3EB775BF175E7C0B00D0DD6F /* Build configuration list for PBXNativeTarget "iOSappTests" */;
			buildPhases = (
				46EEF6961C474169932834CB /* Check Pods Manifest.lock */,
				3EB775A4175E7C0B00D0DD6F /* Sources */,
				3EB775A5175E7C0B00D0DD6F /* Frameworks */,
				3EB775A6175E7C0B00D0DD6F /* Resources */,
				3EB775A7175E7C0B00D0DD6F /* ShellScript */,
				4FBDF2A3DB99429D922C66F3 /* Copy Pods Resources */,
			);
			buildRules = (
			);
			dependencies = (
				3EB775B0175E7C0B00D0DD6F /* PBXTargetDependency */,
			);
			name = iOSappTests;
			productName = iOSappTests;
			productReference = 3EB775A9175E7C0B00D0DD6F /* iOSappTests.octest */;
			productType = "com.apple.product-type.bundle";
		};
/* End PBXNativeTarget section */

/* Begin PBXProject section */
		3EB77573175E7C0A00D0DD6F /* Project object */ = {
			isa = PBXProject;
			attributes = {
				CLASSPREFIX = RLC;
				LastUpgradeCheck = 0460;
				ORGANIZATIONNAME = Home;
			};
			buildConfigurationList = 3EB77576175E7C0A00D0DD6F /* Build configuration list for PBXProject "iOSapp" */;
			compatibilityVersion = "Xcode 3.2";
			developmentRegion = English;
			hasScannedForEncodings = 0;
			knownRegions = (
				en,
			);
			mainGroup = 3EB77572175E7C0A00D0DD6F;
			productRefGroup = 3EB7757C175E7C0A00D0DD6F /* Products */;
			projectDirPath = "";
			projectRoot = "";
			targets = (
				3EB7757A175E7C0A00D0DD6F /* iOSapp */,
				3EB775A8175E7C0B00D0DD6F /* iOSappTests */,
			);
		};
/* End PBXProject section */

/* Begin PBXResourcesBuildPhase section */
		3EB77579175E7C0A00D0DD6F /* Resources */ = {
			isa = PBXResourcesBuildPhase;
			buildActionMask = 2147483647;
			files = (
				3EB7758B175E7C0A00D0DD6F /* InfoPlist.strings in Resources */,
				3EB77593175E7C0B00D0DD6F /* Default.png in Resources */,
				3EB77595175E7C0B00D0DD6F /* Default@2x.png in Resources */,
				3EB77597175E7C0B00D0DD6F /* Default-568h@2x.png in Resources */,
				3EB7759A175E7C0B00D0DD6F /* MainStoryboard.storyboard in Resources */,
				3EB775C6175E7E6200D0DD6F /* iOSapp.sqlite in Resources */,
			);
			runOnlyForDeploymentPostprocessing = 0;
		};
		3EB775A6175E7C0B00D0DD6F /* Resources */ = {
			isa = PBXResourcesBuildPhase;
			buildActionMask = 2147483647;
			files = (
				3EB775B6175E7C0B00D0DD6F /* InfoPlist.strings in Resources */,
			);
			runOnlyForDeploymentPostprocessing = 0;
		};
/* End PBXResourcesBuildPhase section */

/* Begin PBXShellScriptBuildPhase section */
		3EB775A7175E7C0B00D0DD6F /* ShellScript */ = {
			isa = PBXShellScriptBuildPhase;
			buildActionMask = 2147483647;
			files = (
			);
			inputPaths = (
			);
			outputPaths = (
			);
			runOnlyForDeploymentPostprocessing = 0;
			shellPath = /bin/sh;
			shellScript = "# Run the unit tests in this test bundle.\n\"${SYSTEM_DEVELOPER_DIR}/Tools/RunUnitTests\"\n";
		};
		46EEF6961C474169932834CB /* Check Pods Manifest.lock */ = {
			isa = PBXShellScriptBuildPhase;
			buildActionMask = 2147483647;
			files = (
			);
			inputPaths = (
			);
			name = "Check Pods Manifest.lock";
			outputPaths = (
			);
			runOnlyForDeploymentPostprocessing = 0;
			shellPath = /bin/sh;
			shellScript = "diff \"${PODS_ROOT}/../Podfile.lock\" \"${PODS_ROOT}/Manifest.lock\" > /dev/null\nif [[ $? != 0 ]] ; then\n    cat << EOM\nerror: The sandbox is not in sync with the Podfile.lock. Run 'pod install' or update your CocoaPods installation.\nEOM\n    exit 1\nfi\n";
		};
		4FBDF2A3DB99429D922C66F3 /* Copy Pods Resources */ = {
			isa = PBXShellScriptBuildPhase;
			buildActionMask = 2147483647;
			files = (
			);
			inputPaths = (
			);
			name = "Copy Pods Resources";
			outputPaths = (
			);
			runOnlyForDeploymentPostprocessing = 0;
			shellPath = /bin/sh;
			shellScript = "\"${SRCROOT}/Pods/Pods-iOSappTests-resources.sh\"\n";
		};
/* End PBXShellScriptBuildPhase section */

/* Begin PBXSourcesBuildPhase section */
		3EB77577175E7C0A00D0DD6F /* Sources */ = {
			isa = PBXSourcesBuildPhase;
			buildActionMask = 2147483647;
			files = (
				3EB7758D175E7C0A00D0DD6F /* main.m in Sources */,
				3EB77591175E7C0A00D0DD6F /* RLCAppDelegate.m in Sources */,
				3EB7759D175E7C0B00D0DD6F /* iOSapp.xcdatamodeld in Sources */,
				3EB775A0175E7C0B00D0DD6F /* RLCMasterViewController.m in Sources */,
				3EB775C4175E7DCF00D0DD6F /* Person.m in Sources */,
			);
			runOnlyForDeploymentPostprocessing = 0;
		};
		3EB775A4175E7C0B00D0DD6F /* Sources */ = {
			isa = PBXSourcesBuildPhase;
			buildActionMask = 2147483647;
			files = (
				3EB775B9175E7C0B00D0DD6F /* iOSappTests.m in Sources */,
			);
			runOnlyForDeploymentPostprocessing = 0;
		};
/* End PBXSourcesBuildPhase section */

/* Begin PBXTargetDependency section */
		3EB775B0175E7C0B00D0DD6F /* PBXTargetDependency */ = {
			isa = PBXTargetDependency;
			target = 3EB7757A175E7C0A00D0DD6F /* iOSapp */;
			targetProxy = 3EB775AF175E7C0B00D0DD6F /* PBXContainerItemProxy */;
		};
/* End PBXTargetDependency section */

/* Begin PBXVariantGroup section */
		3EB77589175E7C0A00D0DD6F /* InfoPlist.strings */ = {
			isa = PBXVariantGroup;
			children = (
				3EB7758A175E7C0A00D0DD6F /* en */,
			);
			name = InfoPlist.strings;
			sourceTree = "<group>";
		};
		3EB77598175E7C0B00D0DD6F /* MainStoryboard.storyboard */ = {
			isa = PBXVariantGroup;
			children = (
				3EB77599175E7C0B00D0DD6F /* en */,
			);
			name = MainStoryboard.storyboard;
			sourceTree = "<group>";
		};
		3EB775B4175E7C0B00D0DD6F /* InfoPlist.strings */ = {
			isa = PBXVariantGroup;
			children = (
				3EB775B5175E7C0B00D0DD6F /* en */,
			);
			name = InfoPlist.strings;
			sourceTree = "<group>";
		};
/* End PBXVariantGroup section */

/* Begin XCBuildConfiguration section */
		3EB775BA175E7C0B00D0DD6F /* Debug */ = {
			isa = XCBuildConfiguration;
			buildSettings = {
				ALWAYS_SEARCH_USER_PATHS = NO;
				CLANG_CXX_LANGUAGE_STANDARD = "gnu++0x";
				CLANG_CXX_LIBRARY = "libc++";
				CLANG_ENABLE_OBJC_ARC = YES;
				CLANG_WARN_CONSTANT_CONVERSION = YES;
				CLANG_WARN_EMPTY_BODY = YES;
				CLANG_WARN_ENUM_CONVERSION = YES;
				CLANG_WARN_INT_CONVERSION = YES;
				CLANG_WARN__DUPLICATE_METHOD_MATCH = YES;
				"CODE_SIGN_IDENTITY[sdk=iphoneos*]" = "iPhone Developer";
				COPY_PHASE_STRIP = NO;
				GCC_C_LANGUAGE_STANDARD = gnu99;
				GCC_DYNAMIC_NO_PIC = NO;
				GCC_OPTIMIZATION_LEVEL = 0;
				GCC_PREPROCESSOR_DEFINITIONS = (
					"DEBUG=1",
					"$(inherited)",
				);
				GCC_SYMBOLS_PRIVATE_EXTERN = NO;
				GCC_WARN_ABOUT_RETURN_TYPE = YES;
				GCC_WARN_UNINITIALIZED_AUTOS = YES;
				GCC_WARN_UNUSED_VARIABLE = YES;
				IPHONEOS_DEPLOYMENT_TARGET = 6.1;
				ONLY_ACTIVE_ARCH = YES;
				SDKROOT = iphoneos;
			};
			name = Debug;
		};
		3EB775BB175E7C0B00D0DD6F /* Release */ = {
			isa = XCBuildConfiguration;
			buildSettings = {
				ALWAYS_SEARCH_USER_PATHS = NO;
				CLANG_CXX_LANGUAGE_STANDARD = "gnu++0x";
				CLANG_CXX_LIBRARY = "libc++";
				CLANG_ENABLE_OBJC_ARC = YES;
				CLANG_WARN_CONSTANT_CONVERSION = YES;
				CLANG_WARN_EMPTY_BODY = YES;
				CLANG_WARN_ENUM_CONVERSION = YES;
				CLANG_WARN_INT_CONVERSION = YES;
				CLANG_WARN__DUPLICATE_METHOD_MATCH = YES;
				"CODE_SIGN_IDENTITY[sdk=iphoneos*]" = "iPhone Developer";
				COPY_PHASE_STRIP = YES;
				GCC_C_LANGUAGE_STANDARD = gnu99;
				GCC_WARN_ABOUT_RETURN_TYPE = YES;
				GCC_WARN_UNINITIALIZED_AUTOS = YES;
				GCC_WARN_UNUSED_VARIABLE = YES;
				IPHONEOS_DEPLOYMENT_TARGET = 6.1;
				OTHER_CFLAGS = "-DNS_BLOCK_ASSERTIONS=1";
				SDKROOT = iphoneos;
				VALIDATE_PRODUCT = YES;
			};
			name = Release;
		};
		3EB775BD175E7C0B00D0DD6F /* Debug */ = {
			isa = XCBuildConfiguration;
			buildSettings = {
				GCC_PRECOMPILE_PREFIX_HEADER = YES;
				GCC_PREFIX_HEADER = "iOSapp/iOSapp-Prefix.pch";
				INFOPLIST_FILE = "iOSapp/iOSapp-Info.plist";
				PRODUCT_NAME = "$(TARGET_NAME)";
				WRAPPER_EXTENSION = app;
			};
			name = Debug;
		};
		3EB775BE175E7C0B00D0DD6F /* Release */ = {
			isa = XCBuildConfiguration;
			buildSettings = {
				GCC_PRECOMPILE_PREFIX_HEADER = YES;
				GCC_PREFIX_HEADER = "iOSapp/iOSapp-Prefix.pch";
				INFOPLIST_FILE = "iOSapp/iOSapp-Info.plist";
				PRODUCT_NAME = "$(TARGET_NAME)";
				WRAPPER_EXTENSION = app;
			};
			name = Release;
		};
		3EB775C0175E7C0B00D0DD6F /* Debug */ = {
			isa = XCBuildConfiguration;
			baseConfigurationReference = 28C9ADB8FC004E6EBF8D4D7D /* Pods-iOSappTests.xcconfig */;
			buildSettings = {
				BUNDLE_LOADER = "$(BUILT_PRODUCTS_DIR)/iOSapp.app/iOSapp";
				FRAMEWORK_SEARCH_PATHS = (
					"\"$(SDKROOT)/Developer/Library/Frameworks\"",
					"\"$(DEVELOPER_LIBRARY_DIR)/Frameworks\"",
				);
				GCC_PRECOMPILE_PREFIX_HEADER = YES;
				GCC_PREFIX_HEADER = "iOSapp/iOSapp-Prefix.pch";
				INFOPLIST_FILE = "iOSappTests/iOSappTests-Info.plist";
				PRODUCT_NAME = "$(TARGET_NAME)";
				TEST_HOST = "$(BUNDLE_LOADER)";
				WRAPPER_EXTENSION = octest;
			};
			name = Debug;
		};
		3EB775C1175E7C0B00D0DD6F /* Release */ = {
			isa = XCBuildConfiguration;
			baseConfigurationReference = 28C9ADB8FC004E6EBF8D4D7D /* Pods-iOSappTests.xcconfig */;
			buildSettings = {
				BUNDLE_LOADER = "$(BUILT_PRODUCTS_DIR)/iOSapp.app/iOSapp";
				FRAMEWORK_SEARCH_PATHS = (
					"\"$(SDKROOT)/Developer/Library/Frameworks\"",
					"\"$(DEVELOPER_LIBRARY_DIR)/Frameworks\"",
				);
				GCC_PRECOMPILE_PREFIX_HEADER = YES;
				GCC_PREFIX_HEADER = "iOSapp/iOSapp-Prefix.pch";
				INFOPLIST_FILE = "iOSappTests/iOSappTests-Info.plist";
				PRODUCT_NAME = "$(TARGET_NAME)";
				TEST_HOST = "$(BUNDLE_LOADER)";
				WRAPPER_EXTENSION = octest;
			};
			name = Release;
		};
/* End XCBuildConfiguration section */

/* Begin XCConfigurationList section */
		3EB77576175E7C0A00D0DD6F /* Build configuration list for PBXProject "iOSapp" */ = {
			isa = XCConfigurationList;
			buildConfigurations = (
				3EB775BA175E7C0B00D0DD6F /* Debug */,
				3EB775BB175E7C0B00D0DD6F /* Release */,
			);
			defaultConfigurationIsVisible = 0;
			defaultConfigurationName = Release;
		};
		3EB775BC175E7C0B00D0DD6F /* Build configuration list for PBXNativeTarget "iOSapp" */ = {
			isa = XCConfigurationList;
			buildConfigurations = (
				3EB775BD175E7C0B00D0DD6F /* Debug */,
				3EB775BE175E7C0B00D0DD6F /* Release */,
			);
			defaultConfigurationIsVisible = 0;
			defaultConfigurationName = Release;
		};
		3EB775BF175E7C0B00D0DD6F /* Build configuration list for PBXNativeTarget "iOSappTests" */ = {
			isa = XCConfigurationList;
			buildConfigurations = (
				3EB775C0175E7C0B00D0DD6F /* Debug */,
				3EB775C1175E7C0B00D0DD6F /* Release */,
			);
			defaultConfigurationIsVisible = 0;
			defaultConfigurationName = Release;
		};
/* End XCConfigurationList section */

/* Begin XCVersionGroup section */
		3EB7759B175E7C0B00D0DD6F /* iOSapp.xcdatamodeld */ = {
			isa = XCVersionGroup;
			children = (
				3EB7759C175E7C0B00D0DD6F /* iOSapp.xcdatamodel */,
			);
			currentVersion = 3EB7759C175E7C0B00D0DD6F /* iOSapp.xcdatamodel */;
			path = iOSapp.xcdatamodeld;
			sourceTree = "<group>";
			versionGroupType = wrapper.xcdatamodel;
		};
/* End XCVersionGroup section */
	};
	rootObject = 3EB77573175E7C0A00D0DD6F /* Project object */;
}
