<?xml version="1.0" encoding="UTF-8"?>
<!DOCTYPE plist PUBLIC "-//Apple//DTD PLIST 1.0//EN" "http://www.apple.com/DTDs/PropertyList-1.0.dtd">
<plist version="1.0">
<dict>
	<key>archiveVersion</key>
	<string>1</string>
	<key>classes</key>
	<dict/>
	<key>objectVersion</key>
	<string>46</string>
	<key>objects</key>
	<dict>
		<key>04A2216C03E8469EA92F4040</key>
		<dict>
			<key>buildActionMask</key>
			<string>2147483647</string>
			<key>files</key>
			<array/>
			<key>inputPaths</key>
			<array/>
			<key>isa</key>
			<string>PBXShellScriptBuildPhase</string>
			<key>name</key>
			<string>Copy Pods Resources</string>
			<key>outputPaths</key>
			<array/>
			<key>runOnlyForDeploymentPostprocessing</key>
			<string>0</string>
			<key>shellPath</key>
			<string>/bin/sh</string>
			<key>shellScript</key>
			<string>"${SRCROOT}/Pods/Pods-resources.sh"
</string>
			<key>showEnvVarsInLog</key>
			<string>1</string>
		</dict>
		<key>05B145C14C2C470F88C1778F</key>
		<dict>
			<key>explicitFileType</key>
			<string>archive.ar</string>
			<key>includeInIndex</key>
			<string>0</string>
			<key>isa</key>
			<string>PBXFileReference</string>
			<key>name</key>
			<string>libPods-iOSappTests.a</string>
			<key>path</key>
			<string>libPods-iOSappTests.a</string>
			<key>sourceTree</key>
			<string>BUILT_PRODUCTS_DIR</string>
		</dict>
		<key>0AF2FF57A93942648E20B752</key>
		<dict>
			<key>buildActionMask</key>
			<string>2147483647</string>
			<key>files</key>
			<array/>
			<key>inputPaths</key>
			<array/>
			<key>isa</key>
			<string>PBXShellScriptBuildPhase</string>
			<key>name</key>
			<string>Check Pods Manifest.lock</string>
			<key>outputPaths</key>
			<array/>
			<key>runOnlyForDeploymentPostprocessing</key>
			<string>0</string>
			<key>shellPath</key>
			<string>/bin/sh</string>
			<key>shellScript</key>
			<string>diff "${PODS_ROOT}/../Podfile.lock" "${PODS_ROOT}/Manifest.lock" &gt; /dev/null
if [[ $? != 0 ]] ; then
    cat &lt;&lt; EOM
error: The sandbox is not in sync with the Podfile.lock. Run 'pod install' or update your CocoaPods installation.
EOM
    exit 1
fi
</string>
			<key>showEnvVarsInLog</key>
			<string>1</string>
		</dict>
		<key>3E0C5C981764B7D7001B75DD</key>
		<dict>
			<key>isa</key>
			<string>PBXFileReference</string>
			<key>lastKnownFileType</key>
			<string>wrapper.framework</string>
			<key>name</key>
			<string>Accounts.framework</string>
			<key>path</key>
			<string>System/Library/Frameworks/Accounts.framework</string>
			<key>sourceTree</key>
			<string>SDKROOT</string>
		</dict>
		<key>3E0C5C991764B7D7001B75DD</key>
		<dict>
			<key>fileRef</key>
			<string>3E0C5C981764B7D7001B75DD</string>
			<key>isa</key>
			<string>PBXBuildFile</string>
		</dict>
		<key>3E0C5C9A1764B7FE001B75DD</key>
		<dict>
			<key>isa</key>
			<string>PBXFileReference</string>
			<key>lastKnownFileType</key>
			<string>wrapper.framework</string>
			<key>name</key>
			<string>Security.framework</string>
			<key>path</key>
			<string>System/Library/Frameworks/Security.framework</string>
			<key>sourceTree</key>
			<string>SDKROOT</string>
		</dict>
		<key>3E0C5C9B1764B7FE001B75DD</key>
		<dict>
			<key>fileRef</key>
			<string>3E0C5C9A1764B7FE001B75DD</string>
			<key>isa</key>
			<string>PBXBuildFile</string>
		</dict>
		<key>3E0C5C9C1764B80B001B75DD</key>
		<dict>
			<key>isa</key>
			<string>PBXFileReference</string>
			<key>lastKnownFileType</key>
			<string>wrapper.framework</string>
			<key>name</key>
			<string>Social.framework</string>
			<key>path</key>
			<string>System/Library/Frameworks/Social.framework</string>
			<key>sourceTree</key>
			<string>SDKROOT</string>
		</dict>
		<key>3E0C5C9D1764B80B001B75DD</key>
		<dict>
			<key>fileRef</key>
			<string>3E0C5C9C1764B80B001B75DD</string>
			<key>isa</key>
			<string>PBXBuildFile</string>
		</dict>
		<key>3E0C5C9E1764B84B001B75DD</key>
		<dict>
			<key>isa</key>
			<string>PBXFileReference</string>
			<key>lastKnownFileType</key>
			<string>wrapper.framework</string>
			<key>name</key>
			<string>AdSupport.framework</string>
			<key>path</key>
			<string>System/Library/Frameworks/AdSupport.framework</string>
			<key>sourceTree</key>
			<string>SDKROOT</string>
		</dict>
		<key>3E0C5C9F1764B84B001B75DD</key>
		<dict>
			<key>fileRef</key>
			<string>3E0C5C9E1764B84B001B75DD</string>
			<key>isa</key>
			<string>PBXBuildFile</string>
		</dict>
		<key>3E4B886F17676D62004195F8</key>
		<dict>
			<key>isa</key>
			<string>PBXFileReference</string>
			<key>lastKnownFileType</key>
			<string>compiled.mach-o.dylib</string>
			<key>name</key>
			<string>libsqlite3.dylib</string>
			<key>path</key>
			<string>usr/lib/libsqlite3.dylib</string>
			<key>sourceTree</key>
			<string>SDKROOT</string>
		</dict>
		<key>3E4B887017676D62004195F8</key>
		<dict>
			<key>fileRef</key>
			<string>3E4B886F17676D62004195F8</string>
			<key>isa</key>
			<string>PBXBuildFile</string>
		</dict>
		<key>3E9FCC26175FC20500E005E9</key>
		<dict>
			<key>fileEncoding</key>
			<string>4</string>
			<key>isa</key>
			<string>PBXFileReference</string>
			<key>lastKnownFileType</key>
			<string>sourcecode.c.h</string>
			<key>path</key>
			<string>Person.h</string>
			<key>sourceTree</key>
			<string>&lt;group&gt;</string>
		</dict>
		<key>3E9FCC27175FC20500E005E9</key>
		<dict>
			<key>fileEncoding</key>
			<string>4</string>
			<key>isa</key>
			<string>PBXFileReference</string>
			<key>lastKnownFileType</key>
			<string>sourcecode.c.objc</string>
			<key>path</key>
			<string>Person.m</string>
			<key>sourceTree</key>
			<string>&lt;group&gt;</string>
		</dict>
		<key>3E9FCC28175FC20500E005E9</key>
		<dict>
			<key>fileRef</key>
			<string>3E9FCC27175FC20500E005E9</string>
			<key>isa</key>
			<string>PBXBuildFile</string>
		</dict>
		<key>3E9FCC31175FCA5800E005E9</key>
		<dict>
			<key>isa</key>
			<string>PBXFileReference</string>
			<key>lastKnownFileType</key>
			<string>file</string>
			<key>path</key>
			<string>iOSapp.sqlite</string>
			<key>sourceTree</key>
			<string>&lt;group&gt;</string>
		</dict>
		<key>3E9FCC32175FCA5800E005E9</key>
		<dict>
			<key>fileRef</key>
			<string>3E9FCC31175FCA5800E005E9</string>
			<key>isa</key>
			<string>PBXBuildFile</string>
		</dict>
		<key>3EB77572175E7C0A00D0DD6F</key>
		<dict>
			<key>children</key>
			<array>
				<string>3EB77586175E7C0A00D0DD6F</string>
				<string>3EB775B1175E7C0B00D0DD6F</string>
				<string>3EB7757D175E7C0A00D0DD6F</string>
				<string>3EB7757C175E7C0A00D0DD6F</string>
				<string>A742D3F57189493E837DFDC6</string>
				<string>E7365FAB19724EF48C102F1E</string>
			</array>
			<key>isa</key>
			<string>PBXGroup</string>
			<key>sourceTree</key>
			<string>&lt;group&gt;</string>
		</dict>
		<key>3EB77573175E7C0A00D0DD6F</key>
		<dict>
			<key>attributes</key>
			<dict>
				<key>CLASSPREFIX</key>
				<string>RLC</string>
				<key>LastUpgradeCheck</key>
				<string>0460</string>
				<key>ORGANIZATIONNAME</key>
				<string>Home</string>
			</dict>
			<key>buildConfigurationList</key>
			<string>3EB77576175E7C0A00D0DD6F</string>
			<key>compatibilityVersion</key>
			<string>Xcode 3.2</string>
			<key>developmentRegion</key>
			<string>English</string>
			<key>hasScannedForEncodings</key>
			<string>0</string>
			<key>isa</key>
			<string>PBXProject</string>
			<key>knownRegions</key>
			<array>
				<string>en</string>
				<string>he</string>
			</array>
			<key>mainGroup</key>
			<string>3EB77572175E7C0A00D0DD6F</string>
			<key>productRefGroup</key>
			<string>3EB7757C175E7C0A00D0DD6F</string>
			<key>projectDirPath</key>
			<string></string>
			<key>projectReferences</key>
			<array/>
			<key>projectRoot</key>
			<string></string>
			<key>targets</key>
			<array>
				<string>3EB7757A175E7C0A00D0DD6F</string>
				<string>3EB775A8175E7C0B00D0DD6F</string>
			</array>
		</dict>
		<key>3EB77576175E7C0A00D0DD6F</key>
		<dict>
			<key>buildConfigurations</key>
			<array>
				<string>3EB775BA175E7C0B00D0DD6F</string>
				<string>3EB775BB175E7C0B00D0DD6F</string>
			</array>
			<key>defaultConfigurationIsVisible</key>
			<string>0</string>
			<key>defaultConfigurationName</key>
			<string>Release</string>
			<key>isa</key>
			<string>XCConfigurationList</string>
		</dict>
		<key>3EB77577175E7C0A00D0DD6F</key>
		<dict>
			<key>buildActionMask</key>
			<string>2147483647</string>
			<key>files</key>
			<array>
				<string>3EB7758D175E7C0A00D0DD6F</string>
				<string>3EB77591175E7C0A00D0DD6F</string>
				<string>3EB7759D175E7C0B00D0DD6F</string>
				<string>3EB775A0175E7C0B00D0DD6F</string>
				<string>3EE8110C175F3EC600D446DD</string>
				<string>3EE8110F175F3F6E00D446DD</string>
				<string>3EE81116175F535C00D446DD</string>
				<string>3EE8111C175F60C900D446DD</string>
				<string>3E9FCC28175FC20500E005E9</string>
				<string>3EF6F9CE17632ECE005A5185</string>
				<string>3EDF09181766622D003E2BEA</string>
			</array>
			<key>isa</key>
			<string>PBXSourcesBuildPhase</string>
			<key>runOnlyForDeploymentPostprocessing</key>
			<string>0</string>
		</dict>
		<key>3EB77578175E7C0A00D0DD6F</key>
		<dict>
			<key>buildActionMask</key>
			<string>2147483647</string>
			<key>files</key>
			<array>
				<string>3E4B887017676D62004195F8</string>
				<string>3E0C5C9F1764B84B001B75DD</string>
				<string>3E0C5C9D1764B80B001B75DD</string>
				<string>3E0C5C9B1764B7FE001B75DD</string>
				<string>3E0C5C991764B7D7001B75DD</string>
				<string>3EB7757F175E7C0A00D0DD6F</string>
				<string>3EB77581175E7C0A00D0DD6F</string>
				<string>3EB77583175E7C0A00D0DD6F</string>
				<string>3EB77585175E7C0A00D0DD6F</string>
				<string>81DA6595AA4346049C12E116</string>
			</array>
			<key>isa</key>
			<string>PBXFrameworksBuildPhase</string>
			<key>runOnlyForDeploymentPostprocessing</key>
			<string>0</string>
		</dict>
		<key>3EB77579175E7C0A00D0DD6F</key>
		<dict>
			<key>buildActionMask</key>
			<string>2147483647</string>
			<key>files</key>
			<array>
				<string>3EB7758B175E7C0A00D0DD6F</string>
				<string>3EB77593175E7C0B00D0DD6F</string>
				<string>3EB77595175E7C0B00D0DD6F</string>
				<string>3EB77597175E7C0B00D0DD6F</string>
				<string>3EB7759A175E7C0B00D0DD6F</string>
				<string>3E9FCC32175FCA5800E005E9</string>
			</array>
			<key>isa</key>
			<string>PBXResourcesBuildPhase</string>
			<key>runOnlyForDeploymentPostprocessing</key>
			<string>0</string>
		</dict>
		<key>3EB7757A175E7C0A00D0DD6F</key>
		<dict>
			<key>buildConfigurationList</key>
			<string>3EB775BC175E7C0B00D0DD6F</string>
			<key>buildPhases</key>
			<array>
				<string>0AF2FF57A93942648E20B752</string>
				<string>3EB77577175E7C0A00D0DD6F</string>
				<string>3EB77578175E7C0A00D0DD6F</string>
				<string>3EB77579175E7C0A00D0DD6F</string>
				<string>04A2216C03E8469EA92F4040</string>
			</array>
			<key>buildRules</key>
			<array/>
			<key>dependencies</key>
			<array/>
			<key>isa</key>
			<string>PBXNativeTarget</string>
			<key>name</key>
			<string>iOSapp</string>
			<key>productName</key>
			<string>iOSapp</string>
			<key>productReference</key>
			<string>3EB7757B175E7C0A00D0DD6F</string>
			<key>productType</key>
			<string>com.apple.product-type.application</string>
		</dict>
		<key>3EB7757B175E7C0A00D0DD6F</key>
		<dict>
			<key>explicitFileType</key>
			<string>wrapper.application</string>
			<key>includeInIndex</key>
			<string>0</string>
			<key>isa</key>
			<string>PBXFileReference</string>
			<key>path</key>
			<string>iOSapp.app</string>
			<key>sourceTree</key>
			<string>BUILT_PRODUCTS_DIR</string>
		</dict>
		<key>3EB7757C175E7C0A00D0DD6F</key>
		<dict>
			<key>children</key>
			<array>
				<string>3EB7757B175E7C0A00D0DD6F</string>
				<string>3EB775A9175E7C0B00D0DD6F</string>
			</array>
			<key>isa</key>
			<string>PBXGroup</string>
			<key>name</key>
			<string>Products</string>
			<key>sourceTree</key>
			<string>&lt;group&gt;</string>
		</dict>
		<key>3EB7757D175E7C0A00D0DD6F</key>
		<dict>
			<key>children</key>
			<array>
				<string>3E4B886F17676D62004195F8</string>
				<string>3E0C5C9E1764B84B001B75DD</string>
				<string>3E0C5C9C1764B80B001B75DD</string>
				<string>3E0C5C9A1764B7FE001B75DD</string>
				<string>3E0C5C981764B7D7001B75DD</string>
				<string>3EB7757E175E7C0A00D0DD6F</string>
				<string>3EB77580175E7C0A00D0DD6F</string>
				<string>3EB77582175E7C0A00D0DD6F</string>
				<string>3EB77584175E7C0A00D0DD6F</string>
				<string>3EB775AA175E7C0B00D0DD6F</string>
				<string>556672B2F67D4AC6AF5408C4</string>
				<string>05B145C14C2C470F88C1778F</string>
			</array>
			<key>isa</key>
			<string>PBXGroup</string>
			<key>name</key>
			<string>Frameworks</string>
			<key>sourceTree</key>
			<string>&lt;group&gt;</string>
		</dict>
		<key>3EB7757E175E7C0A00D0DD6F</key>
		<dict>
			<key>isa</key>
			<string>PBXFileReference</string>
			<key>lastKnownFileType</key>
			<string>wrapper.framework</string>
			<key>name</key>
			<string>UIKit.framework</string>
			<key>path</key>
			<string>System/Library/Frameworks/UIKit.framework</string>
			<key>sourceTree</key>
			<string>SDKROOT</string>
		</dict>
		<key>3EB7757F175E7C0A00D0DD6F</key>
		<dict>
			<key>fileRef</key>
			<string>3EB7757E175E7C0A00D0DD6F</string>
			<key>isa</key>
			<string>PBXBuildFile</string>
		</dict>
		<key>3EB77580175E7C0A00D0DD6F</key>
		<dict>
			<key>isa</key>
			<string>PBXFileReference</string>
			<key>lastKnownFileType</key>
			<string>wrapper.framework</string>
			<key>name</key>
			<string>Foundation.framework</string>
			<key>path</key>
			<string>System/Library/Frameworks/Foundation.framework</string>
			<key>sourceTree</key>
			<string>SDKROOT</string>
		</dict>
		<key>3EB77581175E7C0A00D0DD6F</key>
		<dict>
			<key>fileRef</key>
			<string>3EB77580175E7C0A00D0DD6F</string>
			<key>isa</key>
			<string>PBXBuildFile</string>
		</dict>
		<key>3EB77582175E7C0A00D0DD6F</key>
		<dict>
			<key>isa</key>
			<string>PBXFileReference</string>
			<key>lastKnownFileType</key>
			<string>wrapper.framework</string>
			<key>name</key>
			<string>CoreGraphics.framework</string>
			<key>path</key>
			<string>System/Library/Frameworks/CoreGraphics.framework</string>
			<key>sourceTree</key>
			<string>SDKROOT</string>
		</dict>
		<key>3EB77583175E7C0A00D0DD6F</key>
		<dict>
			<key>fileRef</key>
			<string>3EB77582175E7C0A00D0DD6F</string>
			<key>isa</key>
			<string>PBXBuildFile</string>
		</dict>
		<key>3EB77584175E7C0A00D0DD6F</key>
		<dict>
			<key>isa</key>
			<string>PBXFileReference</string>
			<key>lastKnownFileType</key>
			<string>wrapper.framework</string>
			<key>name</key>
			<string>CoreData.framework</string>
			<key>path</key>
			<string>System/Library/Frameworks/CoreData.framework</string>
			<key>sourceTree</key>
			<string>SDKROOT</string>
		</dict>
		<key>3EB77585175E7C0A00D0DD6F</key>
		<dict>
			<key>fileRef</key>
			<string>3EB77584175E7C0A00D0DD6F</string>
			<key>isa</key>
			<string>PBXBuildFile</string>
		</dict>
		<key>3EB77586175E7C0A00D0DD6F</key>
		<dict>
			<key>children</key>
			<array>
				<string>3EB77587175E7C0A00D0DD6F</string>
				<string>3E9FCC31175FCA5800E005E9</string>
				<string>3EB7758F175E7C0A00D0DD6F</string>
				<string>3EB77590175E7C0A00D0DD6F</string>
				<string>3EB77598175E7C0B00D0DD6F</string>
				<string>3EE8110A175F3EC600D446DD</string>
				<string>3EE8110B175F3EC600D446DD</string>
				<string>3EB7759E175E7C0B00D0DD6F</string>
				<string>3EB7759F175E7C0B00D0DD6F</string>
				<string>3EE8110D175F3F6E00D446DD</string>
				<string>3EE8110E175F3F6E00D446DD</string>
				<string>3EE81113175F4CF200D446DD</string>
				<string>3E9FCC26175FC20500E005E9</string>
				<string>3E9FCC27175FC20500E005E9</string>
				<string>3EB7759B175E7C0B00D0DD6F</string>
				<string>3EE8111A175F60C900D446DD</string>
				<string>3EE8111B175F60C900D446DD</string>
				<string>3EE81114175F535C00D446DD</string>
				<string>3EE81115175F535C00D446DD</string>
				<string>3EF6F9CC17632ECE005A5185</string>
				<string>3EF6F9CD17632ECE005A5185</string>
				<string>3EDF09161766622D003E2BEA</string>
				<string>3EDF09171766622D003E2BEA</string>
			</array>
			<key>isa</key>
			<string>PBXGroup</string>
			<key>path</key>
			<string>iOSapp</string>
			<key>sourceTree</key>
			<string>&lt;group&gt;</string>
		</dict>
		<key>3EB77587175E7C0A00D0DD6F</key>
		<dict>
			<key>children</key>
			<array>
				<string>3EB77588175E7C0A00D0DD6F</string>
				<string>3EB77589175E7C0A00D0DD6F</string>
				<string>3EB7758C175E7C0A00D0DD6F</string>
				<string>3EB7758E175E7C0A00D0DD6F</string>
				<string>3EB77592175E7C0B00D0DD6F</string>
				<string>3EB77594175E7C0B00D0DD6F</string>
				<string>3EB77596175E7C0B00D0DD6F</string>
			</array>
			<key>isa</key>
			<string>PBXGroup</string>
			<key>name</key>
			<string>Supporting Files</string>
			<key>sourceTree</key>
			<string>&lt;group&gt;</string>
		</dict>
		<key>3EB77588175E7C0A00D0DD6F</key>
		<dict>
			<key>isa</key>
			<string>PBXFileReference</string>
			<key>lastKnownFileType</key>
			<string>text.plist.xml</string>
			<key>path</key>
			<string>iOSapp-Info.plist</string>
			<key>sourceTree</key>
			<string>&lt;group&gt;</string>
		</dict>
		<key>3EB77589175E7C0A00D0DD6F</key>
		<dict>
			<key>children</key>
			<array>
				<string>3EB7758A175E7C0A00D0DD6F</string>
			</array>
			<key>isa</key>
			<string>PBXVariantGroup</string>
			<key>name</key>
			<string>InfoPlist.strings</string>
			<key>sourceTree</key>
			<string>&lt;group&gt;</string>
		</dict>
		<key>3EB7758A175E7C0A00D0DD6F</key>
		<dict>
			<key>isa</key>
			<string>PBXFileReference</string>
			<key>lastKnownFileType</key>
			<string>text.plist.strings</string>
			<key>name</key>
			<string>en</string>
			<key>path</key>
			<string>en.lproj/InfoPlist.strings</string>
			<key>sourceTree</key>
			<string>&lt;group&gt;</string>
		</dict>
		<key>3EB7758B175E7C0A00D0DD6F</key>
		<dict>
			<key>fileRef</key>
			<string>3EB77589175E7C0A00D0DD6F</string>
			<key>isa</key>
			<string>PBXBuildFile</string>
		</dict>
		<key>3EB7758C175E7C0A00D0DD6F</key>
		<dict>
			<key>isa</key>
			<string>PBXFileReference</string>
			<key>lastKnownFileType</key>
			<string>sourcecode.c.objc</string>
			<key>path</key>
			<string>main.m</string>
			<key>sourceTree</key>
			<string>&lt;group&gt;</string>
		</dict>
		<key>3EB7758D175E7C0A00D0DD6F</key>
		<dict>
			<key>fileRef</key>
			<string>3EB7758C175E7C0A00D0DD6F</string>
			<key>isa</key>
			<string>PBXBuildFile</string>
		</dict>
		<key>3EB7758E175E7C0A00D0DD6F</key>
		<dict>
			<key>isa</key>
			<string>PBXFileReference</string>
			<key>lastKnownFileType</key>
			<string>sourcecode.c.h</string>
			<key>path</key>
			<string>iOSapp-Prefix.pch</string>
			<key>sourceTree</key>
			<string>&lt;group&gt;</string>
		</dict>
		<key>3EB7758F175E7C0A00D0DD6F</key>
		<dict>
			<key>isa</key>
			<string>PBXFileReference</string>
			<key>lastKnownFileType</key>
			<string>sourcecode.c.h</string>
			<key>path</key>
			<string>RLCAppDelegate.h</string>
			<key>sourceTree</key>
			<string>&lt;group&gt;</string>
		</dict>
		<key>3EB77590175E7C0A00D0DD6F</key>
		<dict>
			<key>isa</key>
			<string>PBXFileReference</string>
			<key>lastKnownFileType</key>
			<string>sourcecode.c.objc</string>
			<key>path</key>
			<string>RLCAppDelegate.m</string>
			<key>sourceTree</key>
			<string>&lt;group&gt;</string>
		</dict>
		<key>3EB77591175E7C0A00D0DD6F</key>
		<dict>
			<key>fileRef</key>
			<string>3EB77590175E7C0A00D0DD6F</string>
			<key>isa</key>
			<string>PBXBuildFile</string>
		</dict>
		<key>3EB77592175E7C0B00D0DD6F</key>
		<dict>
			<key>isa</key>
			<string>PBXFileReference</string>
			<key>lastKnownFileType</key>
			<string>image.png</string>
			<key>path</key>
			<string>Default.png</string>
			<key>sourceTree</key>
			<string>&lt;group&gt;</string>
		</dict>
		<key>3EB77593175E7C0B00D0DD6F</key>
		<dict>
			<key>fileRef</key>
			<string>3EB77592175E7C0B00D0DD6F</string>
			<key>isa</key>
			<string>PBXBuildFile</string>
		</dict>
		<key>3EB77594175E7C0B00D0DD6F</key>
		<dict>
			<key>isa</key>
			<string>PBXFileReference</string>
			<key>lastKnownFileType</key>
			<string>image.png</string>
			<key>path</key>
			<string>Default@2x.png</string>
			<key>sourceTree</key>
			<string>&lt;group&gt;</string>
		</dict>
		<key>3EB77595175E7C0B00D0DD6F</key>
		<dict>
			<key>fileRef</key>
			<string>3EB77594175E7C0B00D0DD6F</string>
			<key>isa</key>
			<string>PBXBuildFile</string>
		</dict>
		<key>3EB77596175E7C0B00D0DD6F</key>
		<dict>
			<key>isa</key>
			<string>PBXFileReference</string>
			<key>lastKnownFileType</key>
			<string>image.png</string>
			<key>path</key>
			<string>Default-568h@2x.png</string>
			<key>sourceTree</key>
			<string>&lt;group&gt;</string>
		</dict>
		<key>3EB77597175E7C0B00D0DD6F</key>
		<dict>
			<key>fileRef</key>
			<string>3EB77596175E7C0B00D0DD6F</string>
			<key>isa</key>
			<string>PBXBuildFile</string>
		</dict>
		<key>3EB77598175E7C0B00D0DD6F</key>
		<dict>
			<key>children</key>
			<array>
				<string>3EB77599175E7C0B00D0DD6F</string>
			</array>
			<key>isa</key>
			<string>PBXVariantGroup</string>
			<key>name</key>
			<string>MainStoryboard.storyboard</string>
			<key>sourceTree</key>
			<string>&lt;group&gt;</string>
		</dict>
		<key>3EB77599175E7C0B00D0DD6F</key>
		<dict>
			<key>isa</key>
			<string>PBXFileReference</string>
			<key>lastKnownFileType</key>
			<string>file.storyboard</string>
			<key>name</key>
			<string>en</string>
			<key>path</key>
			<string>en.lproj/MainStoryboard.storyboard</string>
			<key>sourceTree</key>
			<string>&lt;group&gt;</string>
		</dict>
		<key>3EB7759A175E7C0B00D0DD6F</key>
		<dict>
			<key>fileRef</key>
			<string>3EB77598175E7C0B00D0DD6F</string>
			<key>isa</key>
			<string>PBXBuildFile</string>
		</dict>
		<key>3EB7759B175E7C0B00D0DD6F</key>
		<dict>
			<key>children</key>
			<array>
				<string>3EB7759C175E7C0B00D0DD6F</string>
			</array>
			<key>currentVersion</key>
			<string>3EB7759C175E7C0B00D0DD6F</string>
			<key>isa</key>
			<string>XCVersionGroup</string>
			<key>path</key>
			<string>iOSapp.xcdatamodeld</string>
			<key>sourceTree</key>
			<string>&lt;group&gt;</string>
			<key>versionGroupType</key>
			<string>wrapper.xcdatamodel</string>
		</dict>
		<key>3EB7759C175E7C0B00D0DD6F</key>
		<dict>
			<key>isa</key>
			<string>PBXFileReference</string>
			<key>lastKnownFileType</key>
			<string>wrapper.xcdatamodel</string>
			<key>path</key>
			<string>iOSapp.xcdatamodel</string>
			<key>sourceTree</key>
			<string>&lt;group&gt;</string>
		</dict>
		<key>3EB7759D175E7C0B00D0DD6F</key>
		<dict>
			<key>fileRef</key>
			<string>3EB7759B175E7C0B00D0DD6F</string>
			<key>isa</key>
			<string>PBXBuildFile</string>
		</dict>
		<key>3EB7759E175E7C0B00D0DD6F</key>
		<dict>
			<key>isa</key>
			<string>PBXFileReference</string>
			<key>lastKnownFileType</key>
			<string>sourcecode.c.h</string>
			<key>path</key>
			<string>ContactsViewController.h</string>
			<key>sourceTree</key>
			<string>&lt;group&gt;</string>
		</dict>
		<key>3EB7759F175E7C0B00D0DD6F</key>
		<dict>
			<key>isa</key>
			<string>PBXFileReference</string>
			<key>lastKnownFileType</key>
			<string>sourcecode.c.objc</string>
			<key>path</key>
			<string>ContactsViewController.m</string>
			<key>sourceTree</key>
			<string>&lt;group&gt;</string>
		</dict>
		<key>3EB775A0175E7C0B00D0DD6F</key>
		<dict>
			<key>fileRef</key>
			<string>3EB7759F175E7C0B00D0DD6F</string>
			<key>isa</key>
			<string>PBXBuildFile</string>
		</dict>
		<key>3EB775A4175E7C0B00D0DD6F</key>
		<dict>
			<key>buildActionMask</key>
			<string>2147483647</string>
			<key>files</key>
			<array>
				<string>3EB775B9175E7C0B00D0DD6F</string>
				<string>3EF6F9CB176329D0005A5185</string>
			</array>
			<key>isa</key>
			<string>PBXSourcesBuildPhase</string>
			<key>runOnlyForDeploymentPostprocessing</key>
			<string>0</string>
		</dict>
		<key>3EB775A5175E7C0B00D0DD6F</key>
		<dict>
			<key>buildActionMask</key>
			<string>2147483647</string>
			<key>files</key>
			<array>
				<string>3EB775AB175E7C0B00D0DD6F</string>
				<string>3EB775AC175E7C0B00D0DD6F</string>
				<string>3EB775AD175E7C0B00D0DD6F</string>
				<string>3EB775AE175E7C0B00D0DD6F</string>
				<string>5FFE38DC3D524654AB11F0B2</string>
			</array>
			<key>isa</key>
			<string>PBXFrameworksBuildPhase</string>
			<key>runOnlyForDeploymentPostprocessing</key>
			<string>0</string>
		</dict>
		<key>3EB775A6175E7C0B00D0DD6F</key>
		<dict>
			<key>buildActionMask</key>
			<string>2147483647</string>
			<key>files</key>
			<array>
				<string>3EB775B6175E7C0B00D0DD6F</string>
			</array>
			<key>isa</key>
			<string>PBXResourcesBuildPhase</string>
			<key>runOnlyForDeploymentPostprocessing</key>
			<string>0</string>
		</dict>
		<key>3EB775A7175E7C0B00D0DD6F</key>
		<dict>
			<key>buildActionMask</key>
			<string>2147483647</string>
			<key>files</key>
			<array/>
			<key>inputPaths</key>
			<array/>
			<key>isa</key>
			<string>PBXShellScriptBuildPhase</string>
			<key>outputPaths</key>
			<array/>
			<key>runOnlyForDeploymentPostprocessing</key>
			<string>0</string>
			<key>shellPath</key>
			<string>/bin/sh</string>
			<key>shellScript</key>
			<string># Run the unit tests in this test bundle.
"${SYSTEM_DEVELOPER_DIR}/Tools/RunUnitTests"
</string>
		</dict>
		<key>3EB775A8175E7C0B00D0DD6F</key>
		<dict>
			<key>buildConfigurationList</key>
			<string>3EB775BF175E7C0B00D0DD6F</string>
			<key>buildPhases</key>
			<array>
				<string>F2EDB0B4B2F547ADAE65009D</string>
				<string>3EB775A4175E7C0B00D0DD6F</string>
				<string>3EB775A5175E7C0B00D0DD6F</string>
				<string>3EB775A6175E7C0B00D0DD6F</string>
				<string>3EB775A7175E7C0B00D0DD6F</string>
				<string>E213EDB83E88421E80A8DC18</string>
			</array>
			<key>buildRules</key>
			<array/>
			<key>dependencies</key>
			<array>
				<string>3EB775B0175E7C0B00D0DD6F</string>
			</array>
			<key>isa</key>
			<string>PBXNativeTarget</string>
			<key>name</key>
			<string>iOSappTests</string>
			<key>productName</key>
			<string>iOSappTests</string>
			<key>productReference</key>
			<string>3EB775A9175E7C0B00D0DD6F</string>
			<key>productType</key>
			<string>com.apple.product-type.bundle</string>
		</dict>
		<key>3EB775A9175E7C0B00D0DD6F</key>
		<dict>
			<key>explicitFileType</key>
			<string>wrapper.cfbundle</string>
			<key>includeInIndex</key>
			<string>0</string>
			<key>isa</key>
			<string>PBXFileReference</string>
			<key>path</key>
			<string>iOSappTests.octest</string>
			<key>sourceTree</key>
			<string>BUILT_PRODUCTS_DIR</string>
		</dict>
		<key>3EB775AA175E7C0B00D0DD6F</key>
		<dict>
			<key>isa</key>
			<string>PBXFileReference</string>
			<key>lastKnownFileType</key>
			<string>wrapper.framework</string>
			<key>name</key>
			<string>SenTestingKit.framework</string>
			<key>path</key>
			<string>Library/Frameworks/SenTestingKit.framework</string>
			<key>sourceTree</key>
			<string>DEVELOPER_DIR</string>
		</dict>
		<key>3EB775AB175E7C0B00D0DD6F</key>
		<dict>
			<key>fileRef</key>
			<string>3EB775AA175E7C0B00D0DD6F</string>
			<key>isa</key>
			<string>PBXBuildFile</string>
		</dict>
		<key>3EB775AC175E7C0B00D0DD6F</key>
		<dict>
			<key>fileRef</key>
			<string>3EB7757E175E7C0A00D0DD6F</string>
			<key>isa</key>
			<string>PBXBuildFile</string>
		</dict>
		<key>3EB775AD175E7C0B00D0DD6F</key>
		<dict>
			<key>fileRef</key>
			<string>3EB77580175E7C0A00D0DD6F</string>
			<key>isa</key>
			<string>PBXBuildFile</string>
		</dict>
		<key>3EB775AE175E7C0B00D0DD6F</key>
		<dict>
			<key>fileRef</key>
			<string>3EB77584175E7C0A00D0DD6F</string>
			<key>isa</key>
			<string>PBXBuildFile</string>
		</dict>
		<key>3EB775AF175E7C0B00D0DD6F</key>
		<dict>
			<key>containerPortal</key>
			<string>3EB77573175E7C0A00D0DD6F</string>
			<key>isa</key>
			<string>PBXContainerItemProxy</string>
			<key>proxyType</key>
			<string>1</string>
			<key>remoteGlobalIDString</key>
			<string>3EB7757A175E7C0A00D0DD6F</string>
			<key>remoteInfo</key>
			<string>iOSapp</string>
		</dict>
		<key>3EB775B0175E7C0B00D0DD6F</key>
		<dict>
			<key>isa</key>
			<string>PBXTargetDependency</string>
			<key>target</key>
			<string>3EB7757A175E7C0A00D0DD6F</string>
			<key>targetProxy</key>
			<string>3EB775AF175E7C0B00D0DD6F</string>
		</dict>
		<key>3EB775B1175E7C0B00D0DD6F</key>
		<dict>
			<key>children</key>
			<array>
				<string>3EB775B2175E7C0B00D0DD6F</string>
				<string>3EB775B8175E7C0B00D0DD6F</string>
				<string>3EF6F9CA176329D0005A5185</string>
			</array>
			<key>isa</key>
			<string>PBXGroup</string>
			<key>path</key>
			<string>iOSappTests</string>
			<key>sourceTree</key>
			<string>&lt;group&gt;</string>
		</dict>
		<key>3EB775B2175E7C0B00D0DD6F</key>
		<dict>
			<key>children</key>
			<array>
				<string>3EB775B3175E7C0B00D0DD6F</string>
				<string>3EB775B4175E7C0B00D0DD6F</string>
			</array>
			<key>isa</key>
			<string>PBXGroup</string>
			<key>name</key>
			<string>Supporting Files</string>
			<key>sourceTree</key>
			<string>&lt;group&gt;</string>
		</dict>
		<key>3EB775B3175E7C0B00D0DD6F</key>
		<dict>
			<key>isa</key>
			<string>PBXFileReference</string>
			<key>lastKnownFileType</key>
			<string>text.plist.xml</string>
			<key>path</key>
			<string>iOSappTests-Info.plist</string>
			<key>sourceTree</key>
			<string>&lt;group&gt;</string>
		</dict>
		<key>3EB775B4175E7C0B00D0DD6F</key>
		<dict>
			<key>children</key>
			<array>
				<string>3EB775B5175E7C0B00D0DD6F</string>
			</array>
			<key>isa</key>
			<string>PBXVariantGroup</string>
			<key>name</key>
			<string>InfoPlist.strings</string>
			<key>sourceTree</key>
			<string>&lt;group&gt;</string>
		</dict>
		<key>3EB775B5175E7C0B00D0DD6F</key>
		<dict>
			<key>isa</key>
			<string>PBXFileReference</string>
			<key>lastKnownFileType</key>
			<string>text.plist.strings</string>
			<key>name</key>
			<string>en</string>
			<key>path</key>
			<string>en.lproj/InfoPlist.strings</string>
			<key>sourceTree</key>
			<string>&lt;group&gt;</string>
		</dict>
		<key>3EB775B6175E7C0B00D0DD6F</key>
		<dict>
			<key>fileRef</key>
			<string>3EB775B4175E7C0B00D0DD6F</string>
			<key>isa</key>
			<string>PBXBuildFile</string>
		</dict>
		<key>3EB775B8175E7C0B00D0DD6F</key>
		<dict>
			<key>isa</key>
			<string>PBXFileReference</string>
			<key>lastKnownFileType</key>
			<string>sourcecode.c.objc</string>
			<key>path</key>
			<string>iOSappTests.m</string>
			<key>sourceTree</key>
			<string>&lt;group&gt;</string>
		</dict>
		<key>3EB775B9175E7C0B00D0DD6F</key>
		<dict>
			<key>fileRef</key>
			<string>3EB775B8175E7C0B00D0DD6F</string>
			<key>isa</key>
			<string>PBXBuildFile</string>
		</dict>
		<key>3EB775BA175E7C0B00D0DD6F</key>
		<dict>
			<key>buildSettings</key>
			<dict>
				<key>ALWAYS_SEARCH_USER_PATHS</key>
				<string>NO</string>
				<key>CLANG_CXX_LANGUAGE_STANDARD</key>
				<string>gnu++0x</string>
				<key>CLANG_CXX_LIBRARY</key>
				<string>libc++</string>
				<key>CLANG_ENABLE_OBJC_ARC</key>
				<string>YES</string>
				<key>CLANG_WARN_CONSTANT_CONVERSION</key>
				<string>YES</string>
				<key>CLANG_WARN_EMPTY_BODY</key>
				<string>YES</string>
				<key>CLANG_WARN_ENUM_CONVERSION</key>
				<string>YES</string>
				<key>CLANG_WARN_INT_CONVERSION</key>
				<string>YES</string>
				<key>CLANG_WARN__DUPLICATE_METHOD_MATCH</key>
				<string>YES</string>
				<key>CODE_SIGN_IDENTITY[sdk=iphoneos*]</key>
				<string>iPhone Developer</string>
				<key>COPY_PHASE_STRIP</key>
				<string>NO</string>
				<key>GCC_C_LANGUAGE_STANDARD</key>
				<string>gnu99</string>
				<key>GCC_DYNAMIC_NO_PIC</key>
				<string>NO</string>
				<key>GCC_OPTIMIZATION_LEVEL</key>
				<string>0</string>
				<key>GCC_PREPROCESSOR_DEFINITIONS</key>
				<array>
					<string>DEBUG=1</string>
					<string>$(inherited)</string>
				</array>
				<key>GCC_SYMBOLS_PRIVATE_EXTERN</key>
				<string>NO</string>
				<key>GCC_WARN_ABOUT_RETURN_TYPE</key>
				<string>YES</string>
				<key>GCC_WARN_UNINITIALIZED_AUTOS</key>
				<string>YES</string>
				<key>GCC_WARN_UNUSED_VARIABLE</key>
				<string>YES</string>
				<key>IPHONEOS_DEPLOYMENT_TARGET</key>
				<string>6.1</string>
				<key>ONLY_ACTIVE_ARCH</key>
				<string>YES</string>
				<key>SDKROOT</key>
				<string>iphoneos</string>
			</dict>
			<key>isa</key>
			<string>XCBuildConfiguration</string>
			<key>name</key>
			<string>Debug</string>
		</dict>
		<key>3EB775BB175E7C0B00D0DD6F</key>
		<dict>
			<key>buildSettings</key>
			<dict>
				<key>ALWAYS_SEARCH_USER_PATHS</key>
				<string>NO</string>
				<key>CLANG_CXX_LANGUAGE_STANDARD</key>
				<string>gnu++0x</string>
				<key>CLANG_CXX_LIBRARY</key>
				<string>libc++</string>
				<key>CLANG_ENABLE_OBJC_ARC</key>
				<string>YES</string>
				<key>CLANG_WARN_CONSTANT_CONVERSION</key>
				<string>YES</string>
				<key>CLANG_WARN_EMPTY_BODY</key>
				<string>YES</string>
				<key>CLANG_WARN_ENUM_CONVERSION</key>
				<string>YES</string>
				<key>CLANG_WARN_INT_CONVERSION</key>
				<string>YES</string>
				<key>CLANG_WARN__DUPLICATE_METHOD_MATCH</key>
				<string>YES</string>
				<key>CODE_SIGN_IDENTITY[sdk=iphoneos*]</key>
				<string>iPhone Developer</string>
				<key>COPY_PHASE_STRIP</key>
				<string>YES</string>
				<key>GCC_C_LANGUAGE_STANDARD</key>
				<string>gnu99</string>
				<key>GCC_WARN_ABOUT_RETURN_TYPE</key>
				<string>YES</string>
				<key>GCC_WARN_UNINITIALIZED_AUTOS</key>
				<string>YES</string>
				<key>GCC_WARN_UNUSED_VARIABLE</key>
				<string>YES</string>
				<key>IPHONEOS_DEPLOYMENT_TARGET</key>
				<string>6.1</string>
				<key>OTHER_CFLAGS</key>
				<string>-DNS_BLOCK_ASSERTIONS=1</string>
				<key>SDKROOT</key>
				<string>iphoneos</string>
				<key>VALIDATE_PRODUCT</key>
				<string>YES</string>
			</dict>
			<key>isa</key>
			<string>XCBuildConfiguration</string>
			<key>name</key>
			<string>Release</string>
		</dict>
		<key>3EB775BC175E7C0B00D0DD6F</key>
		<dict>
			<key>buildConfigurations</key>
			<array>
				<string>3EB775BD175E7C0B00D0DD6F</string>
				<string>3EB775BE175E7C0B00D0DD6F</string>
			</array>
			<key>defaultConfigurationIsVisible</key>
			<string>0</string>
			<key>defaultConfigurationName</key>
			<string>Release</string>
			<key>isa</key>
			<string>XCConfigurationList</string>
		</dict>
		<key>3EB775BD175E7C0B00D0DD6F</key>
		<dict>
			<key>baseConfigurationReference</key>
			<string>A742D3F57189493E837DFDC6</string>
			<key>buildSettings</key>
			<dict>
				<key>FRAMEWORK_SEARCH_PATHS</key>
				<array>
					<string>$(inherited)</string>
					<string>"$(SRCROOT)/../../../Documents/FacebookSDK"</string>
				</array>
				<key>GCC_PRECOMPILE_PREFIX_HEADER</key>
				<string>YES</string>
				<key>GCC_PREFIX_HEADER</key>
				<string>iOSapp/iOSapp-Prefix.pch</string>
				<key>INFOPLIST_FILE</key>
				<string>iOSapp/iOSapp-Info.plist</string>
				<key>OTHER_LDFLAGS</key>
				<string>-ObjC</string>
				<key>PRODUCT_NAME</key>
				<string>$(TARGET_NAME)</string>
				<key>WRAPPER_EXTENSION</key>
				<string>app</string>
			</dict>
			<key>isa</key>
			<string>XCBuildConfiguration</string>
			<key>name</key>
			<string>Debug</string>
		</dict>
		<key>3EB775BE175E7C0B00D0DD6F</key>
		<dict>
			<key>baseConfigurationReference</key>
			<string>A742D3F57189493E837DFDC6</string>
			<key>buildSettings</key>
			<dict>
				<key>FRAMEWORK_SEARCH_PATHS</key>
				<array>
					<string>$(inherited)</string>
					<string>"$(SRCROOT)/../../../Documents/FacebookSDK"</string>
				</array>
				<key>GCC_PRECOMPILE_PREFIX_HEADER</key>
				<string>YES</string>
				<key>GCC_PREFIX_HEADER</key>
				<string>iOSapp/iOSapp-Prefix.pch</string>
				<key>INFOPLIST_FILE</key>
				<string>iOSapp/iOSapp-Info.plist</string>
				<key>OTHER_LDFLAGS</key>
				<string>-ObjC</string>
				<key>PRODUCT_NAME</key>
				<string>$(TARGET_NAME)</string>
				<key>WRAPPER_EXTENSION</key>
				<string>app</string>
			</dict>
			<key>isa</key>
			<string>XCBuildConfiguration</string>
			<key>name</key>
			<string>Release</string>
		</dict>
		<key>3EB775BF175E7C0B00D0DD6F</key>
		<dict>
			<key>buildConfigurations</key>
			<array>
				<string>3EB775C0175E7C0B00D0DD6F</string>
				<string>3EB775C1175E7C0B00D0DD6F</string>
			</array>
			<key>defaultConfigurationIsVisible</key>
			<string>0</string>
			<key>defaultConfigurationName</key>
			<string>Release</string>
			<key>isa</key>
			<string>XCConfigurationList</string>
		</dict>
		<key>3EB775C0175E7C0B00D0DD6F</key>
		<dict>
			<key>baseConfigurationReference</key>
			<string>E7365FAB19724EF48C102F1E</string>
			<key>buildSettings</key>
			<dict>
				<key>BUNDLE_LOADER</key>
				<string>$(BUILT_PRODUCTS_DIR)/iOSapp.app/iOSapp</string>
				<key>FRAMEWORK_SEARCH_PATHS</key>
				<array>
					<string>"$(SDKROOT)/Developer/Library/Frameworks"</string>
					<string>"$(DEVELOPER_LIBRARY_DIR)/Frameworks"</string>
				</array>
				<key>GCC_PRECOMPILE_PREFIX_HEADER</key>
				<string>YES</string>
				<key>GCC_PREFIX_HEADER</key>
				<string>iOSapp/iOSapp-Prefix.pch</string>
				<key>INFOPLIST_FILE</key>
				<string>iOSappTests/iOSappTests-Info.plist</string>
				<key>PRODUCT_NAME</key>
				<string>$(TARGET_NAME)</string>
				<key>TEST_HOST</key>
				<string>$(BUNDLE_LOADER)</string>
				<key>WRAPPER_EXTENSION</key>
				<string>octest</string>
			</dict>
			<key>isa</key>
			<string>XCBuildConfiguration</string>
			<key>name</key>
			<string>Debug</string>
		</dict>
		<key>3EB775C1175E7C0B00D0DD6F</key>
		<dict>
			<key>baseConfigurationReference</key>
			<string>E7365FAB19724EF48C102F1E</string>
			<key>buildSettings</key>
			<dict>
				<key>BUNDLE_LOADER</key>
				<string>$(BUILT_PRODUCTS_DIR)/iOSapp.app/iOSapp</string>
				<key>FRAMEWORK_SEARCH_PATHS</key>
				<array>
					<string>"$(SDKROOT)/Developer/Library/Frameworks"</string>
					<string>"$(DEVELOPER_LIBRARY_DIR)/Frameworks"</string>
				</array>
				<key>GCC_PRECOMPILE_PREFIX_HEADER</key>
				<string>YES</string>
				<key>GCC_PREFIX_HEADER</key>
				<string>iOSapp/iOSapp-Prefix.pch</string>
				<key>INFOPLIST_FILE</key>
				<string>iOSappTests/iOSappTests-Info.plist</string>
				<key>PRODUCT_NAME</key>
				<string>$(TARGET_NAME)</string>
				<key>TEST_HOST</key>
				<string>$(BUNDLE_LOADER)</string>
				<key>WRAPPER_EXTENSION</key>
				<string>octest</string>
			</dict>
			<key>isa</key>
			<string>XCBuildConfiguration</string>
			<key>name</key>
			<string>Release</string>
		</dict>
		<key>3EDF09161766622D003E2BEA</key>
		<dict>
			<key>fileEncoding</key>
			<string>4</string>
			<key>isa</key>
			<string>PBXFileReference</string>
			<key>lastKnownFileType</key>
			<string>sourcecode.c.h</string>
			<key>path</key>
			<string>RLCProfilePictureView.h</string>
			<key>sourceTree</key>
			<string>&lt;group&gt;</string>
		</dict>
		<key>3EDF09171766622D003E2BEA</key>
		<dict>
			<key>fileEncoding</key>
			<string>4</string>
			<key>isa</key>
			<string>PBXFileReference</string>
			<key>lastKnownFileType</key>
			<string>sourcecode.c.objc</string>
			<key>path</key>
			<string>RLCProfilePictureView.m</string>
			<key>sourceTree</key>
			<string>&lt;group&gt;</string>
		</dict>
		<key>3EDF09181766622D003E2BEA</key>
		<dict>
			<key>fileRef</key>
			<string>3EDF09171766622D003E2BEA</string>
			<key>isa</key>
			<string>PBXBuildFile</string>
		</dict>
		<key>3EE8110A175F3EC600D446DD</key>
		<dict>
			<key>fileEncoding</key>
			<string>4</string>
			<key>isa</key>
			<string>PBXFileReference</string>
			<key>lastKnownFileType</key>
			<string>sourcecode.c.h</string>
			<key>path</key>
			<string>ProfileViewController.h</string>
			<key>sourceTree</key>
			<string>&lt;group&gt;</string>
		</dict>
		<key>3EE8110B175F3EC600D446DD</key>
		<dict>
			<key>fileEncoding</key>
			<string>4</string>
			<key>isa</key>
			<string>PBXFileReference</string>
			<key>lastKnownFileType</key>
			<string>sourcecode.c.objc</string>
			<key>path</key>
			<string>ProfileViewController.m</string>
			<key>sourceTree</key>
			<string>&lt;group&gt;</string>
		</dict>
		<key>3EE8110C175F3EC600D446DD</key>
		<dict>
			<key>fileRef</key>
			<string>3EE8110B175F3EC600D446DD</string>
			<key>isa</key>
			<string>PBXBuildFile</string>
		</dict>
		<key>3EE8110D175F3F6E00D446DD</key>
		<dict>
			<key>fileEncoding</key>
			<string>4</string>
			<key>isa</key>
			<string>PBXFileReference</string>
			<key>lastKnownFileType</key>
			<string>sourcecode.c.h</string>
			<key>path</key>
			<string>BioViewController.h</string>
			<key>sourceTree</key>
			<string>&lt;group&gt;</string>
		</dict>
		<key>3EE8110E175F3F6E00D446DD</key>
		<dict>
			<key>fileEncoding</key>
			<string>4</string>
			<key>isa</key>
			<string>PBXFileReference</string>
			<key>lastKnownFileType</key>
			<string>sourcecode.c.objc</string>
			<key>path</key>
			<string>BioViewController.m</string>
			<key>sourceTree</key>
			<string>&lt;group&gt;</string>
		</dict>
		<key>3EE8110F175F3F6E00D446DD</key>
		<dict>
			<key>fileRef</key>
			<string>3EE8110E175F3F6E00D446DD</string>
			<key>isa</key>
			<string>PBXBuildFile</string>
		</dict>
		<key>3EE81113175F4CF200D446DD</key>
		<dict>
			<key>fileEncoding</key>
			<string>4</string>
			<key>isa</key>
			<string>PBXFileReference</string>
			<key>lastKnownFileType</key>
			<string>sourcecode.c.h</string>
			<key>path</key>
			<string>DataTab.h</string>
			<key>sourceTree</key>
			<string>&lt;group&gt;</string>
		</dict>
		<key>3EE81114175F535C00D446DD</key>
		<dict>
			<key>fileEncoding</key>
			<string>4</string>
			<key>isa</key>
			<string>PBXFileReference</string>
			<key>lastKnownFileType</key>
			<string>sourcecode.c.h</string>
			<key>path</key>
			<string>DataTabBarController.h</string>
			<key>sourceTree</key>
			<string>&lt;group&gt;</string>
		</dict>
		<key>3EE81115175F535C00D446DD</key>
		<dict>
			<key>fileEncoding</key>
			<string>4</string>
			<key>isa</key>
			<string>PBXFileReference</string>
			<key>lastKnownFileType</key>
			<string>sourcecode.c.objc</string>
			<key>path</key>
			<string>DataTabBarController.m</string>
			<key>sourceTree</key>
			<string>&lt;group&gt;</string>
		</dict>
		<key>3EE81116175F535C00D446DD</key>
		<dict>
			<key>fileRef</key>
			<string>3EE81115175F535C00D446DD</string>
			<key>isa</key>
			<string>PBXBuildFile</string>
		</dict>
		<key>3EE8111A175F60C900D446DD</key>
		<dict>
			<key>fileEncoding</key>
			<string>4</string>
			<key>isa</key>
			<string>PBXFileReference</string>
			<key>lastKnownFileType</key>
			<string>sourcecode.c.h</string>
			<key>path</key>
			<string>Contact.h</string>
			<key>sourceTree</key>
			<string>&lt;group&gt;</string>
		</dict>
		<key>3EE8111B175F60C900D446DD</key>
		<dict>
			<key>fileEncoding</key>
			<string>4</string>
			<key>isa</key>
			<string>PBXFileReference</string>
			<key>lastKnownFileType</key>
			<string>sourcecode.c.objc</string>
			<key>path</key>
			<string>Contact.m</string>
			<key>sourceTree</key>
			<string>&lt;group&gt;</string>
		</dict>
		<key>3EE8111C175F60C900D446DD</key>
		<dict>
			<key>fileRef</key>
			<string>3EE8111B175F60C900D446DD</string>
			<key>isa</key>
			<string>PBXBuildFile</string>
		</dict>
		<key>3EF6F9CA176329D0005A5185</key>
		<dict>
			<key>fileEncoding</key>
			<string>4</string>
			<key>isa</key>
			<string>PBXFileReference</string>
			<key>lastKnownFileType</key>
			<string>sourcecode.c.objc</string>
			<key>path</key>
			<string>FacebookAuthTests.m</string>
			<key>sourceTree</key>
			<string>&lt;group&gt;</string>
		</dict>
		<key>3EF6F9CB176329D0005A5185</key>
		<dict>
			<key>fileRef</key>
			<string>3EF6F9CA176329D0005A5185</string>
			<key>isa</key>
			<string>PBXBuildFile</string>
		</dict>
		<key>3EF6F9CC17632ECE005A5185</key>
		<dict>
			<key>fileEncoding</key>
			<string>4</string>
			<key>isa</key>
			<string>PBXFileReference</string>
			<key>lastKnownFileType</key>
			<string>sourcecode.c.h</string>
			<key>path</key>
			<string>LoginViewController.h</string>
			<key>sourceTree</key>
			<string>&lt;group&gt;</string>
		</dict>
		<key>3EF6F9CD17632ECE005A5185</key>
		<dict>
			<key>fileEncoding</key>
			<string>4</string>
			<key>isa</key>
			<string>PBXFileReference</string>
			<key>lastKnownFileType</key>
			<string>sourcecode.c.objc</string>
			<key>path</key>
			<string>LoginViewController.m</string>
			<key>sourceTree</key>
			<string>&lt;group&gt;</string>
		</dict>
		<key>3EF6F9CE17632ECE005A5185</key>
		<dict>
			<key>fileRef</key>
			<string>3EF6F9CD17632ECE005A5185</string>
			<key>isa</key>
			<string>PBXBuildFile</string>
		</dict>
		<key>556672B2F67D4AC6AF5408C4</key>
		<dict>
			<key>explicitFileType</key>
			<string>archive.ar</string>
			<key>includeInIndex</key>
			<string>0</string>
			<key>isa</key>
			<string>PBXFileReference</string>
			<key>name</key>
			<string>libPods.a</string>
			<key>path</key>
			<string>libPods.a</string>
			<key>sourceTree</key>
			<string>BUILT_PRODUCTS_DIR</string>
		</dict>
		<key>5FFE38DC3D524654AB11F0B2</key>
		<dict>
			<key>fileRef</key>
			<string>05B145C14C2C470F88C1778F</string>
			<key>isa</key>
			<string>PBXBuildFile</string>
			<key>settings</key>
			<dict/>
		</dict>
		<key>81DA6595AA4346049C12E116</key>
		<dict>
			<key>fileRef</key>
			<string>556672B2F67D4AC6AF5408C4</string>
			<key>isa</key>
			<string>PBXBuildFile</string>
			<key>settings</key>
			<dict/>
		</dict>
		<key>A742D3F57189493E837DFDC6</key>
		<dict>
			<key>includeInIndex</key>
			<string>1</string>
			<key>isa</key>
			<string>PBXFileReference</string>
			<key>lastKnownFileType</key>
			<string>text.xcconfig</string>
			<key>name</key>
			<string>Pods.xcconfig</string>
			<key>path</key>
			<string>Pods/Pods.xcconfig</string>
			<key>sourceTree</key>
			<string>SOURCE_ROOT</string>
		</dict>
		<key>E213EDB83E88421E80A8DC18</key>
		<dict>
			<key>buildActionMask</key>
			<string>2147483647</string>
			<key>files</key>
			<array/>
			<key>inputPaths</key>
			<array/>
			<key>isa</key>
			<string>PBXShellScriptBuildPhase</string>
			<key>name</key>
			<string>Copy Pods Resources</string>
			<key>outputPaths</key>
			<array/>
			<key>runOnlyForDeploymentPostprocessing</key>
			<string>0</string>
			<key>shellPath</key>
			<string>/bin/sh</string>
			<key>shellScript</key>
			<string>"${SRCROOT}/Pods/Pods-iOSappTests-resources.sh"
</string>
			<key>showEnvVarsInLog</key>
			<string>1</string>
		</dict>
		<key>E7365FAB19724EF48C102F1E</key>
		<dict>
			<key>includeInIndex</key>
			<string>1</string>
			<key>isa</key>
			<string>PBXFileReference</string>
			<key>lastKnownFileType</key>
			<string>text.xcconfig</string>
			<key>name</key>
			<string>Pods-iOSappTests.xcconfig</string>
			<key>path</key>
			<string>Pods/Pods-iOSappTests.xcconfig</string>
			<key>sourceTree</key>
			<string>SOURCE_ROOT</string>
		</dict>
		<key>F2EDB0B4B2F547ADAE65009D</key>
		<dict>
			<key>buildActionMask</key>
			<string>2147483647</string>
			<key>files</key>
			<array/>
			<key>inputPaths</key>
			<array/>
			<key>isa</key>
			<string>PBXShellScriptBuildPhase</string>
			<key>name</key>
			<string>Check Pods Manifest.lock</string>
			<key>outputPaths</key>
			<array/>
			<key>runOnlyForDeploymentPostprocessing</key>
			<string>0</string>
			<key>shellPath</key>
			<string>/bin/sh</string>
			<key>shellScript</key>
			<string>diff "${PODS_ROOT}/../Podfile.lock" "${PODS_ROOT}/Manifest.lock" &gt; /dev/null
if [[ $? != 0 ]] ; then
    cat &lt;&lt; EOM
error: The sandbox is not in sync with the Podfile.lock. Run 'pod install' or update your CocoaPods installation.
EOM
    exit 1
fi
</string>
			<key>showEnvVarsInLog</key>
			<string>1</string>
		</dict>
	</dict>
	<key>rootObject</key>
	<string>3EB77573175E7C0A00D0DD6F</string>
</dict>
</plist>
